// !$*UTF8*$!
{
	archiveVersion = 1;
	classes = {
	};
	objectVersion = 46;
	objects = {

/* Begin PBXBuildFile section */
		B6239A1E1E536D9F00AFFB90 /* AppDelegate.swift in Sources */ = {isa = PBXBuildFile; fileRef = B6239A1D1E536D9F00AFFB90 /* AppDelegate.swift */; };
		B6239A201E536D9F00AFFB90 /* ViewController.swift in Sources */ = {isa = PBXBuildFile; fileRef = B6239A1F1E536D9F00AFFB90 /* ViewController.swift */; };
		B6239A231E536D9F00AFFB90 /* Main.storyboard in Resources */ = {isa = PBXBuildFile; fileRef = B6239A211E536D9F00AFFB90 /* Main.storyboard */; };
		B6239A251E536D9F00AFFB90 /* Assets.xcassets in Resources */ = {isa = PBXBuildFile; fileRef = B6239A241E536D9F00AFFB90 /* Assets.xcassets */; };
		B6239A281E536D9F00AFFB90 /* LaunchScreen.storyboard in Resources */ = {isa = PBXBuildFile; fileRef = B6239A261E536D9F00AFFB90 /* LaunchScreen.storyboard */; };
		B6239A331E536D9F00AFFB90 /* ios_foundation_notificationcenter_demoTests.swift in Sources */ = {isa = PBXBuildFile; fileRef = B6239A321E536D9F00AFFB90 /* ios_foundation_notificationcenter_demoTests.swift */; };
/* End PBXBuildFile section */

/* Begin PBXContainerItemProxy section */
		B6239A2F1E536D9F00AFFB90 /* PBXContainerItemProxy */ = {
			isa = PBXContainerItemProxy;
			containerPortal = B6239A121E536D9F00AFFB90 /* Project object */;
			proxyType = 1;
			remoteGlobalIDString = B6239A191E536D9F00AFFB90;
			remoteInfo = "ios-foundation-notificationcenter-demo";
		};
/* End PBXContainerItemProxy section */

/* Begin PBXFileReference section */
		B6239A1A1E536D9F00AFFB90 /* ios-foundation-notificationcenter-demo.app */ = {isa = PBXFileReference; explicitFileType = wrapper.application; includeInIndex = 0; path = "ios-foundation-notificationcenter-demo.app"; sourceTree = BUILT_PRODUCTS_DIR; };
		B6239A1D1E536D9F00AFFB90 /* AppDelegate.swift */ = {isa = PBXFileReference; lastKnownFileType = sourcecode.swift; path = AppDelegate.swift; sourceTree = "<group>"; };
		B6239A1F1E536D9F00AFFB90 /* ViewController.swift */ = {isa = PBXFileReference; lastKnownFileType = sourcecode.swift; path = ViewController.swift; sourceTree = "<group>"; };
		B6239A221E536D9F00AFFB90 /* Base */ = {isa = PBXFileReference; lastKnownFileType = file.storyboard; name = Base; path = Base.lproj/Main.storyboard; sourceTree = "<group>"; };
		B6239A241E536D9F00AFFB90 /* Assets.xcassets */ = {isa = PBXFileReference; lastKnownFileType = folder.assetcatalog; path = Assets.xcassets; sourceTree = "<group>"; };
		B6239A271E536D9F00AFFB90 /* Base */ = {isa = PBXFileReference; lastKnownFileType = file.storyboard; name = Base; path = Base.lproj/LaunchScreen.storyboard; sourceTree = "<group>"; };
		B6239A291E536D9F00AFFB90 /* Info.plist */ = {isa = PBXFileReference; lastKnownFileType = text.plist.xml; path = Info.plist; sourceTree = "<group>"; };
		B6239A2E1E536D9F00AFFB90 /* ios-foundation-notificationcenter-demoTests.xctest */ = {isa = PBXFileReference; explicitFileType = wrapper.cfbundle; includeInIndex = 0; path = "ios-foundation-notificationcenter-demoTests.xctest"; sourceTree = BUILT_PRODUCTS_DIR; };
		B6239A321E536D9F00AFFB90 /* ios_foundation_notificationcenter_demoTests.swift */ = {isa = PBXFileReference; lastKnownFileType = sourcecode.swift; path = ios_foundation_notificationcenter_demoTests.swift; sourceTree = "<group>"; };
		B6239A341E536D9F00AFFB90 /* Info.plist */ = {isa = PBXFileReference; lastKnownFileType = text.plist.xml; path = Info.plist; sourceTree = "<group>"; };
/* End PBXFileReference section */

/* Begin PBXFrameworksBuildPhase section */
		B6239A171E536D9F00AFFB90 /* Frameworks */ = {
			isa = PBXFrameworksBuildPhase;
			buildActionMask = 2147483647;
			files = (
			);
			runOnlyForDeploymentPostprocessing = 0;
		};
		B6239A2B1E536D9F00AFFB90 /* Frameworks */ = {
			isa = PBXFrameworksBuildPhase;
			buildActionMask = 2147483647;
			files = (
			);
			runOnlyForDeploymentPostprocessing = 0;
		};
/* End PBXFrameworksBuildPhase section */

/* Begin PBXGroup section */
		B6239A111E536D9F00AFFB90 = {
			isa = PBXGroup;
			children = (
				B6239A1C1E536D9F00AFFB90 /* ios-foundation-notificationcenter-demo */,
				B6239A311E536D9F00AFFB90 /* ios-foundation-notificationcenter-demoTests */,
				B6239A1B1E536D9F00AFFB90 /* Products */,
			);
			sourceTree = "<group>";
		};
		B6239A1B1E536D9F00AFFB90 /* Products */ = {
			isa = PBXGroup;
			children = (
				B6239A1A1E536D9F00AFFB90 /* ios-foundation-notificationcenter-demo.app */,
				B6239A2E1E536D9F00AFFB90 /* ios-foundation-notificationcenter-demoTests.xctest */,
			);
			name = Products;
			sourceTree = "<group>";
		};
		B6239A1C1E536D9F00AFFB90 /* ios-foundation-notificationcenter-demo */ = {
			isa = PBXGroup;
			children = (
				B6239A1D1E536D9F00AFFB90 /* AppDelegate.swift */,
				B6239A1F1E536D9F00AFFB90 /* ViewController.swift */,
				B6239A211E536D9F00AFFB90 /* Main.storyboard */,
				B6239A241E536D9F00AFFB90 /* Assets.xcassets */,
				B6239A261E536D9F00AFFB90 /* LaunchScreen.storyboard */,
				B6239A291E536D9F00AFFB90 /* Info.plist */,
			);
			path = "ios-foundation-notificationcenter-demo";
			sourceTree = "<group>";
		};
		B6239A311E536D9F00AFFB90 /* ios-foundation-notificationcenter-demoTests */ = {
			isa = PBXGroup;
			children = (
				B6239A321E536D9F00AFFB90 /* ios_foundation_notificationcenter_demoTests.swift */,
				B6239A341E536D9F00AFFB90 /* Info.plist */,
			);
			path = "ios-foundation-notificationcenter-demoTests";
			sourceTree = "<group>";
		};
/* End PBXGroup section */

/* Begin PBXNativeTarget section */
		B6239A191E536D9F00AFFB90 /* ios-foundation-notificationcenter-demo */ = {
			isa = PBXNativeTarget;
			buildConfigurationList = B6239A371E536D9F00AFFB90 /* Build configuration list for PBXNativeTarget "ios-foundation-notificationcenter-demo" */;
			buildPhases = (
				B6239A161E536D9F00AFFB90 /* Sources */,
				B6239A171E536D9F00AFFB90 /* Frameworks */,
				B6239A181E536D9F00AFFB90 /* Resources */,
			);
			buildRules = (
			);
			dependencies = (
			);
			name = "ios-foundation-notificationcenter-demo";
			productName = "ios-foundation-notificationcenter-demo";
			productReference = B6239A1A1E536D9F00AFFB90 /* ios-foundation-notificationcenter-demo.app */;
			productType = "com.apple.product-type.application";
		};
		B6239A2D1E536D9F00AFFB90 /* ios-foundation-notificationcenter-demoTests */ = {
			isa = PBXNativeTarget;
			buildConfigurationList = B6239A3A1E536D9F00AFFB90 /* Build configuration list for PBXNativeTarget "ios-foundation-notificationcenter-demoTests" */;
			buildPhases = (
				B6239A2A1E536D9F00AFFB90 /* Sources */,
				B6239A2B1E536D9F00AFFB90 /* Frameworks */,
				B6239A2C1E536D9F00AFFB90 /* Resources */,
			);
			buildRules = (
			);
			dependencies = (
				B6239A301E536D9F00AFFB90 /* PBXTargetDependency */,
			);
			name = "ios-foundation-notificationcenter-demoTests";
			productName = "ios-foundation-notificationcenter-demoTests";
			productReference = B6239A2E1E536D9F00AFFB90 /* ios-foundation-notificationcenter-demoTests.xctest */;
			productType = "com.apple.product-type.bundle.unit-test";
		};
/* End PBXNativeTarget section */

/* Begin PBXProject section */
		B6239A121E536D9F00AFFB90 /* Project object */ = {
			isa = PBXProject;
			attributes = {
				LastSwiftUpdateCheck = 0820;
				LastUpgradeCheck = 0820;
				ORGANIZATIONNAME = YukiOkudera;
				TargetAttributes = {
					B6239A191E536D9F00AFFB90 = {
						CreatedOnToolsVersion = 8.2.1;
						DevelopmentTeam = PCCZJUYRT6;
						ProvisioningStyle = Automatic;
					};
					B6239A2D1E536D9F00AFFB90 = {
						CreatedOnToolsVersion = 8.2.1;
						DevelopmentTeam = PCCZJUYRT6;
						ProvisioningStyle = Automatic;
						TestTargetID = B6239A191E536D9F00AFFB90;
					};
				};
			};
			buildConfigurationList = B6239A151E536D9F00AFFB90 /* Build configuration list for PBXProject "ios-foundation-notificationcenter-demo" */;
			compatibilityVersion = "Xcode 3.2";
			developmentRegion = English;
			hasScannedForEncodings = 0;
			knownRegions = (
				en,
				Base,
			);
			mainGroup = B6239A111E536D9F00AFFB90;
			productRefGroup = B6239A1B1E536D9F00AFFB90 /* Products */;
			projectDirPath = "";
			projectRoot = "";
			targets = (
				B6239A191E536D9F00AFFB90 /* ios-foundation-notificationcenter-demo */,
				B6239A2D1E536D9F00AFFB90 /* ios-foundation-notificationcenter-demoTests */,
			);
		};
/* End PBXProject section */

/* Begin PBXResourcesBuildPhase section */
		B6239A181E536D9F00AFFB90 /* Resources */ = {
			isa = PBXResourcesBuildPhase;
			buildActionMask = 2147483647;
			files = (
				B6239A281E536D9F00AFFB90 /* LaunchScreen.storyboard in Resources */,
				B6239A251E536D9F00AFFB90 /* Assets.xcassets in Resources */,
				B6239A231E536D9F00AFFB90 /* Main.storyboard in Resources */,
			);
			runOnlyForDeploymentPostprocessing = 0;
		};
		B6239A2C1E536D9F00AFFB90 /* Resources */ = {
			isa = PBXResourcesBuildPhase;
			buildActionMask = 2147483647;
			files = (
			);
			runOnlyForDeploymentPostprocessing = 0;
		};
/* End PBXResourcesBuildPhase section */

/* Begin PBXSourcesBuildPhase section */
		B6239A161E536D9F00AFFB90 /* Sources */ = {
			isa = PBXSourcesBuildPhase;
			buildActionMask = 2147483647;
			files = (
				B6239A201E536D9F00AFFB90 /* ViewController.swift in Sources */,
				B6239A1E1E536D9F00AFFB90 /* AppDelegate.swift in Sources */,
			);
			runOnlyForDeploymentPostprocessing = 0;
		};
		B6239A2A1E536D9F00AFFB90 /* Sources */ = {
			isa = PBXSourcesBuildPhase;
			buildActionMask = 2147483647;
			files = (
				B6239A331E536D9F00AFFB90 /* ios_foundation_notificationcenter_demoTests.swift in Sources */,
			);
			runOnlyForDeploymentPostprocessing = 0;
		};
/* End PBXSourcesBuildPhase section */

/* Begin PBXTargetDependency section */
		B6239A301E536D9F00AFFB90 /* PBXTargetDependency */ = {
			isa = PBXTargetDependency;
			target = B6239A191E536D9F00AFFB90 /* ios-foundation-notificationcenter-demo */;
			targetProxy = B6239A2F1E536D9F00AFFB90 /* PBXContainerItemProxy */;
		};
/* End PBXTargetDependency section */

/* Begin PBXVariantGroup section */
		B6239A211E536D9F00AFFB90 /* Main.storyboard */ = {
			isa = PBXVariantGroup;
			children = (
				B6239A221E536D9F00AFFB90 /* Base */,
			);
			name = Main.storyboard;
			sourceTree = "<group>";
		};
		B6239A261E536D9F00AFFB90 /* LaunchScreen.storyboard */ = {
			isa = PBXVariantGroup;
			children = (
				B6239A271E536D9F00AFFB90 /* Base */,
			);
			name = LaunchScreen.storyboard;
			sourceTree = "<group>";
		};
/* End PBXVariantGroup section */

/* Begin XCBuildConfiguration section */
		B6239A351E536D9F00AFFB90 /* Debug */ = {
			isa = XCBuildConfiguration;
			buildSettings = {
				ALWAYS_SEARCH_USER_PATHS = NO;
				CLANG_ANALYZER_NONNULL = YES;
				CLANG_CXX_LANGUAGE_STANDARD = "gnu++0x";
				CLANG_CXX_LIBRARY = "libc++";
				CLANG_ENABLE_MODULES = YES;
				CLANG_ENABLE_OBJC_ARC = YES;
				CLANG_WARN_BOOL_CONVERSION = YES;
				CLANG_WARN_CONSTANT_CONVERSION = YES;
				CLANG_WARN_DIRECT_OBJC_ISA_USAGE = YES_ERROR;
				CLANG_WARN_DOCUMENTATION_COMMENTS = YES;
				CLANG_WARN_EMPTY_BODY = YES;
				CLANG_WARN_ENUM_CONVERSION = YES;
				CLANG_WARN_INFINITE_RECURSION = YES;
				CLANG_WARN_INT_CONVERSION = YES;
				CLANG_WARN_OBJC_ROOT_CLASS = YES_ERROR;
				CLANG_WARN_SUSPICIOUS_MOVE = YES;
				CLANG_WARN_UNREACHABLE_CODE = YES;
				CLANG_WARN__DUPLICATE_METHOD_MATCH = YES;
				"CODE_SIGN_IDENTITY[sdk=iphoneos*]" = "iPhone Developer";
				COPY_PHASE_STRIP = NO;
				DEBUG_INFORMATION_FORMAT = dwarf;
				ENABLE_STRICT_OBJC_MSGSEND = YES;
				ENABLE_TESTABILITY = YES;
				GCC_C_LANGUAGE_STANDARD = gnu99;
				GCC_DYNAMIC_NO_PIC = NO;
				GCC_NO_COMMON_BLOCKS = YES;
				GCC_OPTIMIZATION_LEVEL = 0;
				GCC_PREPROCESSOR_DEFINITIONS = (
					"DEBUG=1",
					"$(inherited)",
				);
				GCC_WARN_64_TO_32_BIT_CONVERSION = YES;
				GCC_WARN_ABOUT_RETURN_TYPE = YES_ERROR;
				GCC_WARN_UNDECLARED_SELECTOR = YES;
				GCC_WARN_UNINITIALIZED_AUTOS = YES_AGGRESSIVE;
				GCC_WARN_UNUSED_FUNCTION = YES;
				GCC_WARN_UNUSED_VARIABLE = YES;
				IPHONEOS_DEPLOYMENT_TARGET = 10.2;
				MTL_ENABLE_DEBUG_INFO = YES;
				ONLY_ACTIVE_ARCH = YES;
				SDKROOT = iphoneos;
				SWIFT_ACTIVE_COMPILATION_CONDITIONS = DEBUG;
				SWIFT_OPTIMIZATION_LEVEL = "-Onone";
				TARGETED_DEVICE_FAMILY = "1,2";
			};
			name = Debug;
		};
		B6239A361E536D9F00AFFB90 /* Release */ = {
			isa = XCBuildConfiguration;
			buildSettings = {
				ALWAYS_SEARCH_USER_PATHS = NO;
				CLANG_ANALYZER_NONNULL = YES;
				CLANG_CXX_LANGUAGE_STANDARD = "gnu++0x";
				CLANG_CXX_LIBRARY = "libc++";
				CLANG_ENABLE_MODULES = YES;
				CLANG_ENABLE_OBJC_ARC = YES;
				CLANG_WARN_BOOL_CONVERSION = YES;
				CLANG_WARN_CONSTANT_CONVERSION = YES;
				CLANG_WARN_DIRECT_OBJC_ISA_USAGE = YES_ERROR;
				CLANG_WARN_DOCUMENTATION_COMMENTS = YES;
				CLANG_WARN_EMPTY_BODY = YES;
				CLANG_WARN_ENUM_CONVERSION = YES;
				CLANG_WARN_INFINITE_RECURSION = YES;
				CLANG_WARN_INT_CONVERSION = YES;
				CLANG_WARN_OBJC_ROOT_CLASS = YES_ERROR;
				CLANG_WARN_SUSPICIOUS_MOVE = YES;
				CLANG_WARN_UNREACHABLE_CODE = YES;
				CLANG_WARN__DUPLICATE_METHOD_MATCH = YES;
				"CODE_SIGN_IDENTITY[sdk=iphoneos*]" = "iPhone Developer";
				COPY_PHASE_STRIP = NO;
				DEBUG_INFORMATION_FORMAT = "dwarf-with-dsym";
				ENABLE_NS_ASSERTIONS = NO;
				ENABLE_STRICT_OBJC_MSGSEND = YES;
				GCC_C_LANGUAGE_STANDARD = gnu99;
				GCC_NO_COMMON_BLOCKS = YES;
				GCC_WARN_64_TO_32_BIT_CONVERSION = YES;
				GCC_WARN_ABOUT_RETURN_TYPE = YES_ERROR;
				GCC_WARN_UNDECLARED_SELECTOR = YES;
				GCC_WARN_UNINITIALIZED_AUTOS = YES_AGGRESSIVE;
				GCC_WARN_UNUSED_FUNCTION = YES;
				GCC_WARN_UNUSED_VARIABLE = YES;
				IPHONEOS_DEPLOYMENT_TARGET = 10.2;
				MTL_ENABLE_DEBUG_INFO = NO;
				SDKROOT = iphoneos;
				SWIFT_OPTIMIZATION_LEVEL = "-Owholemodule";
				TARGETED_DEVICE_FAMILY = "1,2";
				VALIDATE_PRODUCT = YES;
			};
			name = Release;
		};
		B6239A381E536D9F00AFFB90 /* Debug */ = {
			isa = XCBuildConfiguration;
			buildSettings = {
				ASSETCATALOG_COMPILER_APPICON_NAME = AppIcon;
				DEVELOPMENT_TEAM = PCCZJUYRT6;
				INFOPLIST_FILE = "ios-foundation-notificationcenter-demo/Info.plist";
				LD_RUNPATH_SEARCH_PATHS = "$(inherited) @executable_path/Frameworks";
				PRODUCT_BUNDLE_IDENTIFIER = "jp.st-ventures.ios-foundation-notificationcenter-demo";
				PRODUCT_NAME = "$(TARGET_NAME)";
				SWIFT_VERSION = 3.0;
			};
			name = Debug;
		};
		B6239A391E536D9F00AFFB90 /* Release */ = {
			isa = XCBuildConfiguration;
			buildSettings = {
				ASSETCATALOG_COMPILER_APPICON_NAME = AppIcon;
				DEVELOPMENT_TEAM = PCCZJUYRT6;
				INFOPLIST_FILE = "ios-foundation-notificationcenter-demo/Info.plist";
				LD_RUNPATH_SEARCH_PATHS = "$(inherited) @executable_path/Frameworks";
				PRODUCT_BUNDLE_IDENTIFIER = "jp.st-ventures.ios-foundation-notificationcenter-demo";
				PRODUCT_NAME = "$(TARGET_NAME)";
				SWIFT_VERSION = 3.0;
			};
			name = Release;
		};
		B6239A3B1E536D9F00AFFB90 /* Debug */ = {
			isa = XCBuildConfiguration;
			buildSettings = {
				ALWAYS_EMBED_SWIFT_STANDARD_LIBRARIES = YES;
				BUNDLE_LOADER = "$(TEST_HOST)";
				DEVELOPMENT_TEAM = PCCZJUYRT6;
				INFOPLIST_FILE = "ios-foundation-notificationcenter-demoTests/Info.plist";
				LD_RUNPATH_SEARCH_PATHS = "$(inherited) @executable_path/Frameworks @loader_path/Frameworks";
				PRODUCT_BUNDLE_IDENTIFIER = "jp.st-ventures.ios-foundation-notificationcenter-demoTests";
				PRODUCT_NAME = "$(TARGET_NAME)";
				SWIFT_VERSION = 3.0;
				TEST_HOST = "$(BUILT_PRODUCTS_DIR)/ios-foundation-notificationcenter-demo.app/ios-foundation-notificationcenter-demo";
			};
			name = Debug;
		};
		B6239A3C1E536D9F00AFFB90 /* Release */ = {
			isa = XCBuildConfiguration;
			buildSettings = {
				ALWAYS_EMBED_SWIFT_STANDARD_LIBRARIES = YES;
				BUNDLE_LOADER = "$(TEST_HOST)";
				DEVELOPMENT_TEAM = PCCZJUYRT6;
				INFOPLIST_FILE = "ios-foundation-notificationcenter-demoTests/Info.plist";
				LD_RUNPATH_SEARCH_PATHS = "$(inherited) @executable_path/Frameworks @loader_path/Frameworks";
				PRODUCT_BUNDLE_IDENTIFIER = "jp.st-ventures.ios-foundation-notificationcenter-demoTests";
				PRODUCT_NAME = "$(TARGET_NAME)";
				SWIFT_VERSION = 3.0;
				TEST_HOST = "$(BUILT_PRODUCTS_DIR)/ios-foundation-notificationcenter-demo.app/ios-foundation-notificationcenter-demo";
			};
			name = Release;
		};
/* End XCBuildConfiguration section */

/* Begin XCConfigurationList section */
		B6239A151E536D9F00AFFB90 /* Build configuration list for PBXProject "ios-foundation-notificationcenter-demo" */ = {
			isa = XCConfigurationList;
			buildConfigurations = (
				B6239A351E536D9F00AFFB90 /* Debug */,
				B6239A361E536D9F00AFFB90 /* Release */,
			);
			defaultConfigurationIsVisible = 0;
			defaultConfigurationName = Release;
		};
		B6239A371E536D9F00AFFB90 /* Build configuration list for PBXNativeTarget "ios-foundation-notificationcenter-demo" */ = {
			isa = XCConfigurationList;
			buildConfigurations = (
				B6239A381E536D9F00AFFB90 /* Debug */,
				B6239A391E536D9F00AFFB90 /* Release */,
			);
			defaultConfigurationIsVisible = 0;
			defaultConfigurationName = Release;
		};
		B6239A3A1E536D9F00AFFB90 /* Build configuration list for PBXNativeTarget "ios-foundation-notificationcenter-demoTests" */ = {
			isa = XCConfigurationList;
			buildConfigurations = (
				B6239A3B1E536D9F00AFFB90 /* Debug */,
				B6239A3C1E536D9F00AFFB90 /* Release */,
			);
			defaultConfigurationIsVisible = 0;
			defaultConfigurationName = Release;
		};
/* End XCConfigurationList section */
	};
	rootObject = B6239A121E536D9F00AFFB90 /* Project object */;
}
